
Microsoft Visual Studio Solution File, Format Version 12.00
# Visual Studio Version 16
VisualStudioVersion = 16.0.30523.141
MinimumVisualStudioVersion = 10.0.40219.1
Project("{9A19103F-16F7-4668-BE54-9A1E7A4F7556}") = "UserManager.Web", "UserManager\UserManager.Web.csproj", "{80DA0D03-8A3F-413B-B35D-962094BBB2CF}"
EndProject
Project("{9A19103F-16F7-4668-BE54-9A1E7A4F7556}") = "UserManager.Infrastructure", "UserManager.Infrastructure\UserManager.Infrastructure.csproj", "{0AB2802A-1A12-470E-9509-BF3FA2E64A91}"
EndProject
Project("{9A19103F-16F7-4668-BE54-9A1E7A4F7556}") = "UserManager.Model", "UserManager.Model\UserManager.Model.csproj", "{3586CE09-698A-4867-A7B0-8679BCD8B9B8}"
EndProject
Project("{9A19103F-16F7-4668-BE54-9A1E7A4F7556}") = "UserManager.Domain", "UserManager.Domain\UserManager.Domain.csproj", "{5AAAEA1B-6D7C-43CF-A30C-9DF0E5BA0564}"
EndProject
Project("{FAE04EC0-301F-11D3-BF4B-00C04F79EFBC}") = "UserManager.UnitTest", "UserManager.UnitTest\UserManager.UnitTest.csproj", "{5B3084E5-6668-49E7-89E4-9F3F3847DB30}"
EndProject
Global
	GlobalSection(SolutionConfigurationPlatforms) = preSolution
		Debug|Any CPU = Debug|Any CPU
		Release|Any CPU = Release|Any CPU
	EndGlobalSection
	GlobalSection(ProjectConfigurationPlatforms) = postSolution
		{80DA0D03-8A3F-413B-B35D-962094BBB2CF}.Debug|Any CPU.ActiveCfg = Debug|Any CPU
		{80DA0D03-8A3F-413B-B35D-962094BBB2CF}.Debug|Any CPU.Build.0 = Debug|Any CPU
		{80DA0D03-8A3F-413B-B35D-962094BBB2CF}.Release|Any CPU.ActiveCfg = Release|Any CPU
		{80DA0D03-8A3F-413B-B35D-962094BBB2CF}.Release|Any CPU.Build.0 = Release|Any CPU
		{0AB2802A-1A12-470E-9509-BF3FA2E64A91}.Debug|Any CPU.ActiveCfg = Debug|Any CPU
		{0AB2802A-1A12-470E-9509-BF3FA2E64A91}.Debug|Any CPU.Build.0 = Debug|Any CPU
		{0AB2802A-1A12-470E-9509-BF3FA2E64A91}.Release|Any CPU.ActiveCfg = Release|Any CPU
		{0AB2802A-1A12-470E-9509-BF3FA2E64A91}.Release|Any CPU.Build.0 = Release|Any CPU
		{3586CE09-698A-4867-A7B0-8679BCD8B9B8}.Debug|Any CPU.ActiveCfg = Debug|Any CPU
		{3586CE09-698A-4867-A7B0-8679BCD8B9B8}.Debug|Any CPU.Build.0 = Debug|Any CPU
		{3586CE09-698A-4867-A7B0-8679BCD8B9B8}.Release|Any CPU.ActiveCfg = Release|Any CPU
		{3586CE09-698A-4867-A7B0-8679BCD8B9B8}.Release|Any CPU.Build.0 = Release|Any CPU
		{5AAAEA1B-6D7C-43CF-A30C-9DF0E5BA0564}.Debug|Any CPU.ActiveCfg = Debug|Any CPU
		{5AAAEA1B-6D7C-43CF-A30C-9DF0E5BA0564}.Debug|Any CPU.Build.0 = Debug|Any CPU
		{5AAAEA1B-6D7C-43CF-A30C-9DF0E5BA0564}.Release|Any CPU.ActiveCfg = Release|Any CPU
		{5AAAEA1B-6D7C-43CF-A30C-9DF0E5BA0564}.Release|Any CPU.Build.0 = Release|Any CPU
		{5B3084E5-6668-49E7-89E4-9F3F3847DB30}.Debug|Any CPU.ActiveCfg = Debug|Any CPU
		{5B3084E5-6668-49E7-89E4-9F3F3847DB30}.Debug|Any CPU.Build.0 = Debug|Any CPU
		{5B3084E5-6668-49E7-89E4-9F3F3847DB30}.Release|Any CPU.ActiveCfg = Release|Any CPU
		{5B3084E5-6668-49E7-89E4-9F3F3847DB30}.Release|Any CPU.Build.0 = Release|Any CPU
	EndGlobalSection
	GlobalSection(SolutionProperties) = preSolution
		HideSolutionNode = FALSE
	EndGlobalSection
	GlobalSection(ExtensibilityGlobals) = postSolution
		SolutionGuid = {1F5789DD-BC52-4995-B902-4B60CBC7243D}
	EndGlobalSection
EndGlobal
